
Microsoft Visual Studio Solution File, Format Version 12.00
# Visual Studio Version 16
VisualStudioVersion = 16.0.31424.327
MinimumVisualStudioVersion = 10.0.40219.1
Project("{FAE04EC0-301F-11D3-BF4B-00C04F79EFBC}") = "Backend-MyTask", "Backend-MyTask.csproj", "{5A17B9B6-225E-4393-AB93-773C87D2D88F}"
EndProject
Global
	GlobalSection(SolutionConfigurationPlatforms) = preSolution
		Debug|Any CPU = Debug|Any CPU
		Release|Any CPU = Release|Any CPU
	EndGlobalSection
	GlobalSection(ProjectConfigurationPlatforms) = postSolution
		{5A17B9B6-225E-4393-AB93-773C87D2D88F}.Debug|Any CPU.ActiveCfg = Debug|Any CPU
		{5A17B9B6-225E-4393-AB93-773C87D2D88F}.Debug|Any CPU.Build.0 = Debug|Any CPU
		{5A17B9B6-225E-4393-AB93-773C87D2D88F}.Release|Any CPU.ActiveCfg = Release|Any CPU
		{5A17B9B6-225E-4393-AB93-773C87D2D88F}.Release|Any CPU.Build.0 = Release|Any CPU
	EndGlobalSection
	GlobalSection(SolutionProperties) = preSolution
		HideSolutionNode = FALSE
	EndGlobalSection
	GlobalSection(ExtensibilityGlobals) = postSolution
		SolutionGuid = {5B1FE65B-5DDD-4663-A73D-5CB15441853E}
	EndGlobalSection
EndGlobal
