
Microsoft Visual Studio Solution File, Format Version 12.00
# Visual Studio Version 16
VisualStudioVersion = 16.0.31424.327
MinimumVisualStudioVersion = 10.0.40219.1
Project("{FAE04EC0-301F-11D3-BF4B-00C04F79EFBC}") = "WebApplication2", "WebApplication2.csproj", "{B11C4404-E870-4968-8788-F7A8633315EF}"
EndProject
Global
	GlobalSection(SolutionConfigurationPlatforms) = preSolution
		Debug|Any CPU = Debug|Any CPU
		Release|Any CPU = Release|Any CPU
	EndGlobalSection
	GlobalSection(ProjectConfigurationPlatforms) = postSolution
		{B11C4404-E870-4968-8788-F7A8633315EF}.Debug|Any CPU.ActiveCfg = Debug|Any CPU
		{B11C4404-E870-4968-8788-F7A8633315EF}.Debug|Any CPU.Build.0 = Debug|Any CPU
		{B11C4404-E870-4968-8788-F7A8633315EF}.Release|Any CPU.ActiveCfg = Release|Any CPU
		{B11C4404-E870-4968-8788-F7A8633315EF}.Release|Any CPU.Build.0 = Release|Any CPU
	EndGlobalSection
	GlobalSection(SolutionProperties) = preSolution
		HideSolutionNode = FALSE
	EndGlobalSection
	GlobalSection(ExtensibilityGlobals) = postSolution
		SolutionGuid = {6F355BC5-C9F0-4005-B996-9E98BF2E3C5D}
	EndGlobalSection
EndGlobal
