
Microsoft Visual Studio Solution File, Format Version 12.00
# Visual Studio Version 16
VisualStudioVersion = 16.0.31424.327
MinimumVisualStudioVersion = 10.0.40219.1
Project("{FAE04EC0-301F-11D3-BF4B-00C04F79EFBC}") = "RpcClientApp", "RpcClientApp.csproj", "{BEAB60FA-AE1A-4AC7-BE42-FA7DC4954528}"
EndProject
Project("{FAE04EC0-301F-11D3-BF4B-00C04F79EFBC}") = "RpcServerApp", "..\RpcServerApp\RpcServerApp.csproj", "{1B69C2C7-DB53-4E43-B332-571670367E4B}"
EndProject
Global
	GlobalSection(SolutionConfigurationPlatforms) = preSolution
		Debug|Any CPU = Debug|Any CPU
		Release|Any CPU = Release|Any CPU
	EndGlobalSection
	GlobalSection(ProjectConfigurationPlatforms) = postSolution
		{BEAB60FA-AE1A-4AC7-BE42-FA7DC4954528}.Debug|Any CPU.ActiveCfg = Debug|Any CPU
		{BEAB60FA-AE1A-4AC7-BE42-FA7DC4954528}.Debug|Any CPU.Build.0 = Debug|Any CPU
		{BEAB60FA-AE1A-4AC7-BE42-FA7DC4954528}.Release|Any CPU.ActiveCfg = Release|Any CPU
		{BEAB60FA-AE1A-4AC7-BE42-FA7DC4954528}.Release|Any CPU.Build.0 = Release|Any CPU
		{1B69C2C7-DB53-4E43-B332-571670367E4B}.Debug|Any CPU.ActiveCfg = Debug|Any CPU
		{1B69C2C7-DB53-4E43-B332-571670367E4B}.Debug|Any CPU.Build.0 = Debug|Any CPU
		{1B69C2C7-DB53-4E43-B332-571670367E4B}.Release|Any CPU.ActiveCfg = Release|Any CPU
		{1B69C2C7-DB53-4E43-B332-571670367E4B}.Release|Any CPU.Build.0 = Release|Any CPU
	EndGlobalSection
	GlobalSection(SolutionProperties) = preSolution
		HideSolutionNode = FALSE
	EndGlobalSection
	GlobalSection(ExtensibilityGlobals) = postSolution
		SolutionGuid = {E23863BE-8EDE-464B-ABB1-6E41C4308B8E}
	EndGlobalSection
EndGlobal
